
Microsoft Visual Studio Solution File, Format Version 12.00
# Visual Studio 15
VisualStudioVersion = 15.0.28307.489
MinimumVisualStudioVersion = 10.0.40219.1
Project("{FAE04EC0-301F-11D3-BF4B-00C04F79EFBC}") = "Parcial_Tidele", "Parcial_Tidele\Parcial_Tidele.csproj", "{879E2230-F64E-4789-A384-746F41E24D11}"
EndProject
Global
	GlobalSection(SolutionConfigurationPlatforms) = preSolution
		Debug|Any CPU = Debug|Any CPU
		Release|Any CPU = Release|Any CPU
	EndGlobalSection
	GlobalSection(ProjectConfigurationPlatforms) = postSolution
		{879E2230-F64E-4789-A384-746F41E24D11}.Debug|Any CPU.ActiveCfg = Debug|Any CPU
		{879E2230-F64E-4789-A384-746F41E24D11}.Debug|Any CPU.Build.0 = Debug|Any CPU
		{879E2230-F64E-4789-A384-746F41E24D11}.Release|Any CPU.ActiveCfg = Release|Any CPU
		{879E2230-F64E-4789-A384-746F41E24D11}.Release|Any CPU.Build.0 = Release|Any CPU
	EndGlobalSection
	GlobalSection(SolutionProperties) = preSolution
		HideSolutionNode = FALSE
	EndGlobalSection
	GlobalSection(ExtensibilityGlobals) = postSolution
		SolutionGuid = {14D6BECC-35F8-4556-B48B-1E1CE6562D38}
	EndGlobalSection
EndGlobal
